<?xml version="1.0" encoding="utf-8"?>
<Project ToolsVersion="4.0" xmlns="http://schemas.microsoft.com/developer/msbuild/2003">
  <ItemGroup>
    <Filter Include="ソース ファイル">
      <UniqueIdentifier>{4FC737F1-C7A5-4376-A066-2A32D752A2FF}</UniqueIdentifier>
      <Extensions>cpp;c;cc;cxx;def;odl;idl;hpj;bat;asm;asmx</Extensions>
    </Filter>
    <Filter Include="ヘッダー ファイル">
      <UniqueIdentifier>{93995380-89BD-4b04-88EB-625FBE52EBFB}</UniqueIdentifier>
      <Extensions>h;hh;hpp;hxx;hm;inl;inc;ipp;xsd</Extensions>
    </Filter>
    <Filter Include="リソース ファイル">
      <UniqueIdentifier>{67DA6AB6-F800-4c08-8B7A-83BB121AAD01}</UniqueIdentifier>
      <Extensions>rc;ico;cur;bmp;dlg;rc2;rct;bin;rgs;gif;jpg;jpeg;jpe;resx;tiff;tif;png;wav;mfcribbon-ms</Extensions>
    </Filter>
    <Filter Include="Framework">
      <UniqueIdentifier>{a76c70a2-9f20-42d6-b2da-fd96c05ebfc9}</UniqueIdentifier>
    </Filter>
    <Filter Include="Framework\LowLevel">
      <UniqueIdentifier>{ff02495f-6236-46cf-83c4-7943b1061faf}</UniqueIdentifier>
    </Filter>
    <Filter Include="Framework\Utility">
      <UniqueIdentifier>{828bb14a-bcb7-4db8-adc9-4716bcb591ef}</UniqueIdentifier>
    </Filter>
    <Filter Include="Framework\MemoryAllocator">
      <UniqueIdentifier>{7fdd5df7-d213-4c5e-888b-4216e040fa52}</UniqueIdentifier>
    </Filter>
    <Filter Include="Framework\Resources">
      <UniqueIdentifier>{49a70954-c306-43c8-bce0-de0cc0fc06d9}</UniqueIdentifier>
    </Filter>
    <Filter Include="Framework\Shader">
      <UniqueIdentifier>{266f7ece-9df5-4373-9110-458b47d0ab51}</UniqueIdentifier>
    </Filter>
    <Filter Include="Framework\ThirdParty">
      <UniqueIdentifier>{cf7696fd-d52a-4791-b800-8064a2a61681}</UniqueIdentifier>
    </Filter>
    <Filter Include="Framework\Render">
      <UniqueIdentifier>{48b56d77-c02a-4516-b108-b097d659ed08}</UniqueIdentifier>
    </Filter>
  </ItemGroup>
  <ItemGroup>
    <ClInclude Include="Framework\LowLevel\DirectX12.h">
      <Filter>Framework\LowLevel</Filter>
    </ClInclude>
    <ClInclude Include="Framework\LowLevel\Window.h">
      <Filter>Framework\LowLevel</Filter>
    </ClInclude>
    <ClInclude Include="Framework\LowLevel\Dx12GraphicsDevice.h">
      <Filter>Framework\LowLevel</Filter>
    </ClInclude>
    <ClInclude Include="Framework\Utility\Utility.h">
      <Filter>Framework\Utility</Filter>
    </ClInclude>
    <ClInclude Include="Framework\LowLevel\DirectX12Helper.h">
      <Filter>Framework\LowLevel</Filter>
    </ClInclude>
    <ClInclude Include="Framework\LowLevel\DescriptorHeap.h">
      <Filter>Framework\LowLevel</Filter>
    </ClInclude>
    <ClInclude Include="Framework\LowLevel\CommandContext.h">
      <Filter>Framework\LowLevel</Filter>
    </ClInclude>
    <ClInclude Include="Framework\MemoryAllocator\TLSFAllocator.h">
      <Filter>Framework\MemoryAllocator</Filter>
    </ClInclude>
    <ClInclude Include="Framework\LowLevel\CommandList.h">
      <Filter>Framework\LowLevel</Filter>
    </ClInclude>
    <ClInclude Include="Framework\LowLevel\CommandAllocator.h">
      <Filter>Framework\LowLevel</Filter>
    </ClInclude>
    <ClInclude Include="Framework\LowLevel\CommandQueue.h">
      <Filter>Framework\LowLevel</Filter>
    </ClInclude>
    <ClInclude Include="Framework\LowLevel\RootSignature.h">
      <Filter>Framework\LowLevel</Filter>
    </ClInclude>
    <ClInclude Include="Framework\LowLevel\PipelineStateObject.h">
      <Filter>Framework\LowLevel</Filter>
    </ClInclude>
    <ClInclude Include="Framework\Resources\Shader.h">
      <Filter>Framework\Resources</Filter>
    </ClInclude>
    <ClInclude Include="Framework\Resources\Texture2D.h">
      <Filter>Framework\Resources</Filter>
    </ClInclude>
    <ClInclude Include="Framework\Resources\FrameResources.h">
      <Filter>Framework\Resources</Filter>
    </ClInclude>
    <ClInclude Include="Framework\Resources\GpuBuffer.h">
      <Filter>Framework\Resources</Filter>
    </ClInclude>
    <ClInclude Include="MainApplication.h">
      <Filter>ソース ファイル</Filter>
    </ClInclude>
    <ClInclude Include="..\DirectXTex\WICTextureLoader12.h">
      <Filter>Framework\ThirdParty</Filter>
    </ClInclude>
    <ClInclude Include="Framework\Resources\Model.h">
      <Filter>Framework\Resources</Filter>
    </ClInclude>
    <ClInclude Include="Framework\Render\CameraRender.h">
      <Filter>Framework\Render</Filter>
    </ClInclude>
    <ClInclude Include="Framework\Resources\Material.h">
      <Filter>Framework\Resources</Filter>
    </ClInclude>
    <ClInclude Include="Framework\Resources\MaterialManager.h">
      <Filter>Framework\Resources</Filter>
    </ClInclude>
    <ClInclude Include="Framework\Resources\CGameObject.h">
      <Filter>Framework\Resources</Filter>
    </ClInclude>
    <ClInclude Include="Framework\Render\CRenderPipeline.h">
      <Filter>Framework\Render</Filter>
    </ClInclude>
    <ClInclude Include="Framework\Render\CRender.h">
      <Filter>Framework\Render</Filter>
    </ClInclude>
    <ClInclude Include="Framework\Render\MeshRender.h">
      <Filter>Framework\Render</Filter>
    </ClInclude>
    <ClInclude Include="Framework\Resources\Camera.h">
      <Filter>Framework\Resources</Filter>
    </ClInclude>
    <ClInclude Include="Framework\Resources\CScene.h">
      <Filter>Framework\Resources</Filter>
    </ClInclude>
    <ClInclude Include="TestScene.h">
      <Filter>ソース ファイル</Filter>
    </ClInclude>
    <ClInclude Include="TestObject.h">
      <Filter>ソース ファイル</Filter>
    </ClInclude>
    <ClInclude Include="Framework\Render\DeferredRender.h">
      <Filter>Framework\Render</Filter>
    </ClInclude>
    <ClInclude Include="Framework\Render\LightRender.h">
      <Filter>Framework\Render</Filter>
    </ClInclude>
    <ClInclude Include="Framework\Resources\CLight.h">
      <Filter>Framework\Resources</Filter>
    </ClInclude>
    <ClInclude Include="Framework\LowLevel\BufferView.h">
      <Filter>Framework\LowLevel</Filter>
    </ClInclude>
    <ClInclude Include="Framework\Resources\DirectionalLight.h">
      <Filter>Framework\Resources</Filter>
    </ClInclude>
  </ItemGroup>
  <ItemGroup>
    <ClCompile Include="Framework\LowLevel\Window.cpp">
      <Filter>Framework\LowLevel</Filter>
    </ClCompile>
    <ClCompile Include="Framework\MemoryAllocator\TLSFAllocator.cpp">
      <Filter>Framework\MemoryAllocator</Filter>
    </ClCompile>
    <ClCompile Include="Framework\LowLevel\CommandAllocator.cpp">
      <Filter>Framework\LowLevel</Filter>
    </ClCompile>
    <ClCompile Include="Framework\LowLevel\CommandQueue.cpp">
      <Filter>Framework\LowLevel</Filter>
    </ClCompile>
    <ClCompile Include="Framework\LowLevel\CommandContext.cpp">
      <Filter>Framework\LowLevel</Filter>
    </ClCompile>
    <ClCompile Include="Framework\LowLevel\CommandList.cpp">
      <Filter>Framework\LowLevel</Filter>
    </ClCompile>
    <ClCompile Include="Framework\LowLevel\DescriptorHeap.cpp">
      <Filter>Framework\LowLevel</Filter>
    </ClCompile>
    <ClCompile Include="Framework\LowLevel\Dx12GraphicsDevice.cpp">
      <Filter>Framework\LowLevel</Filter>
    </ClCompile>
    <ClCompile Include="Framework\LowLevel\RootSignature.cpp">
      <Filter>Framework\LowLevel</Filter>
    </ClCompile>
    <ClCompile Include="Framework\Resources\Shader.cpp">
      <Filter>Framework\Resources</Filter>
    </ClCompile>
    <ClCompile Include="Framework\Resources\Texture2D.cpp">
      <Filter>Framework\Resources</Filter>
    </ClCompile>
    <ClCompile Include="Framework\LowLevel\PipelineStateObject.cpp">
      <Filter>Framework\LowLevel</Filter>
    </ClCompile>
    <ClCompile Include="Framework\Resources\FrameResources.cpp">
      <Filter>Framework\Resources</Filter>
    </ClCompile>
    <ClCompile Include="Framework\Resources\GpuBuffer.cpp">
      <Filter>Framework\Resources</Filter>
    </ClCompile>
    <ClCompile Include="MainApplication.cpp">
      <Filter>ソース ファイル</Filter>
    </ClCompile>
    <ClCompile Include="..\DirectXTex\WICTextureLoader12.cpp">
      <Filter>Framework\ThirdParty</Filter>
    </ClCompile>
    <ClCompile Include="Framework\Resources\Model.cpp">
      <Filter>Framework\Resources</Filter>
    </ClCompile>
    <ClCompile Include="Framework\Render\CameraRender.cpp">
      <Filter>Framework\Render</Filter>
    </ClCompile>
    <ClCompile Include="Framework\Resources\Camera.cpp">
      <Filter>Framework\Resources</Filter>
    </ClCompile>
    <ClCompile Include="Framework\Resources\MaterialManager.cpp">
      <Filter>Framework\Resources</Filter>
    </ClCompile>
    <ClCompile Include="Framework\Render\MeshRender.cpp">
      <Filter>Framework\Render</Filter>
    </ClCompile>
    <ClCompile Include="TestScene.cpp">
      <Filter>ソース ファイル</Filter>
    </ClCompile>
    <ClCompile Include="Framework\Resources\CScene.cpp">
      <Filter>Framework\Resources</Filter>
    </ClCompile>
    <ClCompile Include="TestObject.cpp">
      <Filter>ソース ファイル</Filter>
    </ClCompile>
    <ClCompile Include="Framework\Render\DeferredRender.cpp">
      <Filter>Framework\Render</Filter>
    </ClCompile>
    <ClCompile Include="Framework\Render\LightRender.cpp">
      <Filter>Framework\Render</Filter>
    </ClCompile>
    <ClCompile Include="Framework\Resources\Material.cpp">
      <Filter>Framework\Resources</Filter>
    </ClCompile>
    <ClCompile Include="Framework\Resources\DirectionalLight.cpp">
      <Filter>ソース ファイル</Filter>
    </ClCompile>
  </ItemGroup>
  <ItemGroup>
    <FxCompile Include="Framework\Shader\TestVertex.hlsl">
      <Filter>Framework\Shader</Filter>
    </FxCompile>
    <FxCompile Include="Framework\Shader\TestPixel.hlsl">
      <Filter>Framework\Shader</Filter>
    </FxCompile>
    <FxCompile Include="Framework\Shader\DefaultGBufferVS.hlsl">
      <Filter>Framework\Shader</Filter>
    </FxCompile>
    <FxCompile Include="Framework\Shader\DefaultGBufferPS.hlsl">
      <Filter>Framework\Shader</Filter>
    </FxCompile>
    <FxCompile Include="Framework\Shader\Common.hlsl">
      <Filter>Framework\Shader</Filter>
    </FxCompile>
    <FxCompile Include="Framework\Shader\Default2DPS.hlsl">
      <Filter>Framework\Shader</Filter>
    </FxCompile>
    <FxCompile Include="Framework\Shader\Default2DVS.hlsl">
      <Filter>Framework\Shader</Filter>
    </FxCompile>
    <FxCompile Include="Framework\Shader\LitVS.hlsl">
      <Filter>Framework\Shader</Filter>
    </FxCompile>
    <FxCompile Include="Framework\Shader\LitPS.hlsl">
      <Filter>Framework\Shader</Filter>
    </FxCompile>
  </ItemGroup>
</Project>