<?xml version="1.0" encoding="utf-8"?>
<Project ToolsVersion="4.0" xmlns="http://schemas.microsoft.com/developer/msbuild/2003">
  <ItemGroup>
    <Filter Include="ソース ファイル">
      <UniqueIdentifier>{4FC737F1-C7A5-4376-A066-2A32D752A2FF}</UniqueIdentifier>
      <Extensions>cpp;c;cc;cxx;def;odl;idl;hpj;bat;asm;asmx</Extensions>
    </Filter>
    <Filter Include="ヘッダー ファイル">
      <UniqueIdentifier>{93995380-89BD-4b04-88EB-625FBE52EBFB}</UniqueIdentifier>
      <Extensions>h;hh;hpp;hxx;hm;inl;inc;ipp;xsd</Extensions>
    </Filter>
    <Filter Include="リソース ファイル">
      <UniqueIdentifier>{67DA6AB6-F800-4c08-8B7A-83BB121AAD01}</UniqueIdentifier>
      <Extensions>rc;ico;cur;bmp;dlg;rc2;rct;bin;rgs;gif;jpg;jpeg;jpe;resx;tiff;tif;png;wav;mfcribbon-ms</Extensions>
    </Filter>
    <Filter Include="Framework">
      <UniqueIdentifier>{a76c70a2-9f20-42d6-b2da-fd96c05ebfc9}</UniqueIdentifier>
    </Filter>
    <Filter Include="Framework\LowLevel">
      <UniqueIdentifier>{ff02495f-6236-46cf-83c4-7943b1061faf}</UniqueIdentifier>
    </Filter>
    <Filter Include="Framework\Utility">
      <UniqueIdentifier>{828bb14a-bcb7-4db8-adc9-4716bcb591ef}</UniqueIdentifier>
    </Filter>
  </ItemGroup>
  <ItemGroup>
    <ClInclude Include="Framework\LowLevel\DirectX12.h">
      <Filter>Framework\LowLevel</Filter>
    </ClInclude>
    <ClInclude Include="Framework\LowLevel\Window.h">
      <Filter>Framework\LowLevel</Filter>
    </ClInclude>
    <ClInclude Include="Framework\LowLevel\MainApplication.h">
      <Filter>ソース ファイル</Filter>
    </ClInclude>
    <ClInclude Include="Framework\LowLevel\Dx12GraphicsDevice.h">
      <Filter>Framework\LowLevel</Filter>
    </ClInclude>
    <ClInclude Include="Framework\Utility\Utility.h">
      <Filter>Framework\Utility</Filter>
    </ClInclude>
    <ClInclude Include="Framework\LowLevel\DirectX12Helper.h">
      <Filter>Framework\LowLevel</Filter>
    </ClInclude>
    <ClInclude Include="Framework\LowLevel\DescriptorHeap.h">
      <Filter>Framework\LowLevel</Filter>
    </ClInclude>
    <ClInclude Include="Framework\LowLevel\CommandContext.h">
      <Filter>Framework\LowLevel</Filter>
    </ClInclude>
  </ItemGroup>
  <ItemGroup>
    <ClCompile Include="Framework\LowLevel\Window.cpp">
      <Filter>Framework\LowLevel</Filter>
    </ClCompile>
    <ClCompile Include="Framework\LowLevel\MainApplication.cpp">
      <Filter>ソース ファイル</Filter>
    </ClCompile>
    <ClCompile Include="Framework\LowLevel\Dx12GraphicsDevice.cpp">
      <Filter>ソース ファイル</Filter>
    </ClCompile>
  </ItemGroup>
</Project>